
Microsoft Visual Studio Solution File, Format Version 12.00
# Visual Studio Version 16
VisualStudioVersion = 16.0.29025.244
MinimumVisualStudioVersion = 10.0.40219.1
Project("{FAE04EC0-301F-11D3-BF4B-00C04F79EFBC}") = "Bank Account", "Bank Account\Bank Account.csproj", "{7C43C8F9-671E-4D1A-B48E-9147E7F6B6E8}"
EndProject
Global
	GlobalSection(SolutionConfigurationPlatforms) = preSolution
		Debug|Any CPU = Debug|Any CPU
		Release|Any CPU = Release|Any CPU
	EndGlobalSection
	GlobalSection(ProjectConfigurationPlatforms) = postSolution
		{7C43C8F9-671E-4D1A-B48E-9147E7F6B6E8}.Debug|Any CPU.ActiveCfg = Debug|Any CPU
		{7C43C8F9-671E-4D1A-B48E-9147E7F6B6E8}.Debug|Any CPU.Build.0 = Debug|Any CPU
		{7C43C8F9-671E-4D1A-B48E-9147E7F6B6E8}.Release|Any CPU.ActiveCfg = Release|Any CPU
		{7C43C8F9-671E-4D1A-B48E-9147E7F6B6E8}.Release|Any CPU.Build.0 = Release|Any CPU
	EndGlobalSection
	GlobalSection(SolutionProperties) = preSolution
		HideSolutionNode = FALSE
	EndGlobalSection
	GlobalSection(ExtensibilityGlobals) = postSolution
		SolutionGuid = {4F02D63D-90E2-4F34-B28B-520372D6AE5B}
	EndGlobalSection
EndGlobal
